
Microsoft Visual Studio Solution File, Format Version 12.00
# Visual Studio Version 16
VisualStudioVersion = 16.0.30711.63
MinimumVisualStudioVersion = 10.0.40219.1
Project("{FAE04EC0-301F-11D3-BF4B-00C04F79EFBC}") = "TestDB", "TestDB\TestDB.csproj", "{06CC1735-7CB4-4714-95F2-43F532E75800}"
EndProject
Global
	GlobalSection(SolutionConfigurationPlatforms) = preSolution
		Debug|Any CPU = Debug|Any CPU
		Release|Any CPU = Release|Any CPU
	EndGlobalSection
	GlobalSection(ProjectConfigurationPlatforms) = postSolution
		{06CC1735-7CB4-4714-95F2-43F532E75800}.Debug|Any CPU.ActiveCfg = Debug|Any CPU
		{06CC1735-7CB4-4714-95F2-43F532E75800}.Debug|Any CPU.Build.0 = Debug|Any CPU
		{06CC1735-7CB4-4714-95F2-43F532E75800}.Release|Any CPU.ActiveCfg = Release|Any CPU
		{06CC1735-7CB4-4714-95F2-43F532E75800}.Release|Any CPU.Build.0 = Release|Any CPU
	EndGlobalSection
	GlobalSection(SolutionProperties) = preSolution
		HideSolutionNode = FALSE
	EndGlobalSection
	GlobalSection(ExtensibilityGlobals) = postSolution
		SolutionGuid = {09C147FD-B77F-4407-96CB-0E98B3142057}
	EndGlobalSection
EndGlobal
